Microsoft Visual Studio Solution File, Format Version 11.00
# Visual Studio 2008

Project("{8BD8393D-EA92-3CA8-5A1B-A008BD93C61A}") = "Marvin Ball Game", "Assembly-CSharp.csproj", "{FDC5E52B-8768-F271-31EA-AFCB63482AE6}"
EndProject
Global
	GlobalSection(SolutionConfigurationPlatforms) = preSolution
		Debug|Any CPU = Debug|Any CPU
		Release|Any CPU = Release|Any CPU
	EndGlobalSection
	GlobalSection(ProjectConfigurationPlatforms) = postSolution
		{FDC5E52B-8768-F271-31EA-AFCB63482AE6}.Debug|Any CPU.ActiveCfg = Debug|Any CPU
		{FDC5E52B-8768-F271-31EA-AFCB63482AE6}.Debug|Any CPU.Build.0 = Debug|Any CPU
		{FDC5E52B-8768-F271-31EA-AFCB63482AE6}.Release|Any CPU.ActiveCfg = Release|Any CPU
		{FDC5E52B-8768-F271-31EA-AFCB63482AE6}.Release|Any CPU.Build.0 = Release|Any CPU
	EndGlobalSection
	GlobalSection(SolutionProperties) = preSolution
		HideSolutionNode = FALSE
	EndGlobalSection
	GlobalSection(MonoDevelopProperties) = preSolution
		StartupItem = Assembly-CSharp.csproj
	EndGlobalSection
EndGlobal
